// !$*UTF8*$!
{
	archiveVersion = 1;
	classes = {
	};
	objectVersion = 46;
	objects = {

/* Begin PBXBuildFile section */
		8418CDB91C6D38A2006AB236 /* AppDelegate.swift in Sources */ = {isa = PBXBuildFile; fileRef = 8418CDB81C6D38A2006AB236 /* AppDelegate.swift */; };
		8418CDBE1C6D38A2006AB236 /* Main.storyboard in Resources */ = {isa = PBXBuildFile; fileRef = 8418CDBC1C6D38A2006AB236 /* Main.storyboard */; };
		8418CDC01C6D38A2006AB236 /* Assets.xcassets in Resources */ = {isa = PBXBuildFile; fileRef = 8418CDBF1C6D38A2006AB236 /* Assets.xcassets */; };
		8418CDC31C6D38A2006AB236 /* LaunchScreen.storyboard in Resources */ = {isa = PBXBuildFile; fileRef = 8418CDC11C6D38A2006AB236 /* LaunchScreen.storyboard */; };
		8418CDCE1C6D3973006AB236 /* TableViewController.swift in Sources */ = {isa = PBXBuildFile; fileRef = 8418CDCD1C6D3973006AB236 /* TableViewController.swift */; };
		8418CDD21C6D3C05006AB236 /* DefaultCell.swift in Sources */ = {isa = PBXBuildFile; fileRef = 8418CDD11C6D3C05006AB236 /* DefaultCell.swift */; };
		8418CDD41C6D404A006AB236 /* Item.swift in Sources */ = {isa = PBXBuildFile; fileRef = 8418CDD31C6D404A006AB236 /* Item.swift */; };
		8418CDD61C6D40DE006AB236 /* Categoria.swift in Sources */ = {isa = PBXBuildFile; fileRef = 8418CDD51C6D40DE006AB236 /* Categoria.swift */; };
		8418CDD81C6D416C006AB236 /* database.json in Resources */ = {isa = PBXBuildFile; fileRef = 8418CDD71C6D416C006AB236 /* database.json */; };
		847F759E1C6D5DF7004B2E50 /* HeaderView.swift in Sources */ = {isa = PBXBuildFile; fileRef = 847F759D1C6D5DF7004B2E50 /* HeaderView.swift */; };
		847F75A01C6D634D004B2E50 /* HeaderView.xib in Resources */ = {isa = PBXBuildFile; fileRef = 847F759F1C6D634D004B2E50 /* HeaderView.xib */; };
/* End PBXBuildFile section */

/* Begin PBXFileReference section */
		8418CDB51C6D38A2006AB236 /* DietaDosPontos.app */ = {isa = PBXFileReference; explicitFileType = wrapper.application; includeInIndex = 0; path = DietaDosPontos.app; sourceTree = BUILT_PRODUCTS_DIR; };
		8418CDB81C6D38A2006AB236 /* AppDelegate.swift */ = {isa = PBXFileReference; lastKnownFileType = sourcecode.swift; path = AppDelegate.swift; sourceTree = "<group>"; };
		8418CDBD1C6D38A2006AB236 /* Base */ = {isa = PBXFileReference; lastKnownFileType = file.storyboard; name = Base; path = Base.lproj/Main.storyboard; sourceTree = "<group>"; };
		8418CDBF1C6D38A2006AB236 /* Assets.xcassets */ = {isa = PBXFileReference; lastKnownFileType = folder.assetcatalog; path = Assets.xcassets; sourceTree = "<group>"; };
		8418CDC21C6D38A2006AB236 /* Base */ = {isa = PBXFileReference; lastKnownFileType = file.storyboard; name = Base; path = Base.lproj/LaunchScreen.storyboard; sourceTree = "<group>"; };
		8418CDC41C6D38A2006AB236 /* Info.plist */ = {isa = PBXFileReference; lastKnownFileType = text.plist.xml; path = Info.plist; sourceTree = "<group>"; };
		8418CDCD1C6D3973006AB236 /* TableViewController.swift */ = {isa = PBXFileReference; fileEncoding = 4; lastKnownFileType = sourcecode.swift; path = TableViewController.swift; sourceTree = "<group>"; };
		8418CDD11C6D3C05006AB236 /* DefaultCell.swift */ = {isa = PBXFileReference; fileEncoding = 4; lastKnownFileType = sourcecode.swift; path = DefaultCell.swift; sourceTree = "<group>"; };
		8418CDD31C6D404A006AB236 /* Item.swift */ = {isa = PBXFileReference; fileEncoding = 4; lastKnownFileType = sourcecode.swift; path = Item.swift; sourceTree = "<group>"; };
		8418CDD51C6D40DE006AB236 /* Categoria.swift */ = {isa = PBXFileReference; fileEncoding = 4; lastKnownFileType = sourcecode.swift; path = Categoria.swift; sourceTree = "<group>"; };
		8418CDD71C6D416C006AB236 /* database.json */ = {isa = PBXFileReference; fileEncoding = 4; lastKnownFileType = text.json; path = database.json; sourceTree = "<group>"; };
		847F759D1C6D5DF7004B2E50 /* HeaderView.swift */ = {isa = PBXFileReference; fileEncoding = 4; lastKnownFileType = sourcecode.swift; path = HeaderView.swift; sourceTree = "<group>"; };
		847F759F1C6D634D004B2E50 /* HeaderView.xib */ = {isa = PBXFileReference; fileEncoding = 4; lastKnownFileType = file.xib; path = HeaderView.xib; sourceTree = "<group>"; };
/* End PBXFileReference section */

/* Begin PBXFrameworksBuildPhase section */
		8418CDB21C6D38A2006AB236 /* Frameworks */ = {
			isa = PBXFrameworksBuildPhase;
			buildActionMask = 2147483647;
			files = (
			);
			runOnlyForDeploymentPostprocessing = 0;
		};
/* End PBXFrameworksBuildPhase section */

/* Begin PBXGroup section */
		8418CDAC1C6D38A2006AB236 = {
			isa = PBXGroup;
			children = (
				8418CDB71C6D38A2006AB236 /* DietaDosPontos */,
				8418CDB61C6D38A2006AB236 /* Products */,
			);
			sourceTree = "<group>";
		};
		8418CDB61C6D38A2006AB236 /* Products */ = {
			isa = PBXGroup;
			children = (
				8418CDB51C6D38A2006AB236 /* DietaDosPontos.app */,
			);
			name = Products;
			sourceTree = "<group>";
		};
		8418CDB71C6D38A2006AB236 /* DietaDosPontos */ = {
			isa = PBXGroup;
			children = (
				8418CDD71C6D416C006AB236 /* database.json */,
				8418CDCA1C6D3945006AB236 /* Controller */,
				8418CDCB1C6D3945006AB236 /* Model */,
				8418CDCC1C6D3945006AB236 /* View */,
				8418CDB81C6D38A2006AB236 /* AppDelegate.swift */,
				8418CDBF1C6D38A2006AB236 /* Assets.xcassets */,
				8418CDC41C6D38A2006AB236 /* Info.plist */,
			);
			path = DietaDosPontos;
			sourceTree = "<group>";
		};
		8418CDCA1C6D3945006AB236 /* Controller */ = {
			isa = PBXGroup;
			children = (
				8418CDCD1C6D3973006AB236 /* TableViewController.swift */,
			);
			path = Controller;
			sourceTree = "<group>";
		};
		8418CDCB1C6D3945006AB236 /* Model */ = {
			isa = PBXGroup;
			children = (
				8418CDD11C6D3C05006AB236 /* DefaultCell.swift */,
				8418CDD31C6D404A006AB236 /* Item.swift */,
				8418CDD51C6D40DE006AB236 /* Categoria.swift */,
			);
			path = Model;
			sourceTree = "<group>";
		};
		8418CDCC1C6D3945006AB236 /* View */ = {
			isa = PBXGroup;
			children = (
				8418CDBC1C6D38A2006AB236 /* Main.storyboard */,
				8418CDC11C6D38A2006AB236 /* LaunchScreen.storyboard */,
				847F759D1C6D5DF7004B2E50 /* HeaderView.swift */,
				847F759F1C6D634D004B2E50 /* HeaderView.xib */,
			);
			path = View;
			sourceTree = "<group>";
		};
/* End PBXGroup section */

/* Begin PBXNativeTarget section */
		8418CDB41C6D38A2006AB236 /* DietaDosPontos */ = {
			isa = PBXNativeTarget;
			buildConfigurationList = 8418CDC71C6D38A2006AB236 /* Build configuration list for PBXNativeTarget "DietaDosPontos" */;
			buildPhases = (
				8418CDB11C6D38A2006AB236 /* Sources */,
				8418CDB21C6D38A2006AB236 /* Frameworks */,
				8418CDB31C6D38A2006AB236 /* Resources */,
			);
			buildRules = (
			);
			dependencies = (
			);
			name = DietaDosPontos;
			productName = DietaDosPontos;
			productReference = 8418CDB51C6D38A2006AB236 /* DietaDosPontos.app */;
			productType = "com.apple.product-type.application";
		};
/* End PBXNativeTarget section */

/* Begin PBXProject section */
		8418CDAD1C6D38A2006AB236 /* Project object */ = {
			isa = PBXProject;
			attributes = {
				LastSwiftUpdateCheck = 0720;
				LastUpgradeCheck = 0720;
				ORGANIZATIONNAME = "Rafael Moris";
				TargetAttributes = {
					8418CDB41C6D38A2006AB236 = {
						CreatedOnToolsVersion = 7.2;
					};
				};
			};
			buildConfigurationList = 8418CDB01C6D38A2006AB236 /* Build configuration list for PBXProject "DietaDosPontos" */;
			compatibilityVersion = "Xcode 3.2";
			developmentRegion = English;
			hasScannedForEncodings = 0;
			knownRegions = (
				en,
				Base,
			);
			mainGroup = 8418CDAC1C6D38A2006AB236;
			productRefGroup = 8418CDB61C6D38A2006AB236 /* Products */;
			projectDirPath = "";
			projectRoot = "";
			targets = (
				8418CDB41C6D38A2006AB236 /* DietaDosPontos */,
			);
		};
/* End PBXProject section */

/* Begin PBXResourcesBuildPhase section */
		8418CDB31C6D38A2006AB236 /* Resources */ = {
			isa = PBXResourcesBuildPhase;
			buildActionMask = 2147483647;
			files = (
				8418CDC31C6D38A2006AB236 /* LaunchScreen.storyboard in Resources */,
				847F75A01C6D634D004B2E50 /* HeaderView.xib in Resources */,
				8418CDC01C6D38A2006AB236 /* Assets.xcassets in Resources */,
				8418CDD81C6D416C006AB236 /* database.json in Resources */,
				8418CDBE1C6D38A2006AB236 /* Main.storyboard in Resources */,
			);
			runOnlyForDeploymentPostprocessing = 0;
		};
/* End PBXResourcesBuildPhase section */

/* Begin PBXSourcesBuildPhase section */
		8418CDB11C6D38A2006AB236 /* Sources */ = {
			isa = PBXSourcesBuildPhase;
			buildActionMask = 2147483647;
			files = (
				8418CDD41C6D404A006AB236 /* Item.swift in Sources */,
				847F759E1C6D5DF7004B2E50 /* HeaderView.swift in Sources */,
				8418CDD21C6D3C05006AB236 /* DefaultCell.swift in Sources */,
				8418CDB91C6D38A2006AB236 /* AppDelegate.swift in Sources */,
				8418CDCE1C6D3973006AB236 /* TableViewController.swift in Sources */,
				8418CDD61C6D40DE006AB236 /* Categoria.swift in Sources */,
			);
			runOnlyForDeploymentPostprocessing = 0;
		};
/* End PBXSourcesBuildPhase section */

/* Begin PBXVariantGroup section */
		8418CDBC1C6D38A2006AB236 /* Main.storyboard */ = {
			isa = PBXVariantGroup;
			children = (
				8418CDBD1C6D38A2006AB236 /* Base */,
			);
			name = Main.storyboard;
			path = ..;
			sourceTree = "<group>";
		};
		8418CDC11C6D38A2006AB236 /* LaunchScreen.storyboard */ = {
			isa = PBXVariantGroup;
			children = (
				8418CDC21C6D38A2006AB236 /* Base */,
			);
			name = LaunchScreen.storyboard;
			path = ..;
			sourceTree = "<group>";
		};
/* End PBXVariantGroup section */

/* Begin XCBuildConfiguration section */
		8418CDC51C6D38A2006AB236 /* Debug */ = {
			isa = XCBuildConfiguration;
			buildSettings = {
				ALWAYS_SEARCH_USER_PATHS = NO;
				CLANG_CXX_LANGUAGE_STANDARD = "gnu++0x";
				CLANG_CXX_LIBRARY = "libc++";
				CLANG_ENABLE_MODULES = YES;
				CLANG_ENABLE_OBJC_ARC = YES;
				CLANG_WARN_BOOL_CONVERSION = YES;
				CLANG_WARN_CONSTANT_CONVERSION = YES;
				CLANG_WARN_DIRECT_OBJC_ISA_USAGE = YES_ERROR;
				CLANG_WARN_EMPTY_BODY = YES;
				CLANG_WARN_ENUM_CONVERSION = YES;
				CLANG_WARN_INT_CONVERSION = YES;
				CLANG_WARN_OBJC_ROOT_CLASS = YES_ERROR;
				CLANG_WARN_UNREACHABLE_CODE = YES;
				CLANG_WARN__DUPLICATE_METHOD_MATCH = YES;
				"CODE_SIGN_IDENTITY[sdk=iphoneos*]" = "iPhone Developer";
				COPY_PHASE_STRIP = NO;
				DEBUG_INFORMATION_FORMAT = dwarf;
				ENABLE_STRICT_OBJC_MSGSEND = YES;
				ENABLE_TESTABILITY = YES;
				GCC_C_LANGUAGE_STANDARD = gnu99;
				GCC_DYNAMIC_NO_PIC = NO;
				GCC_NO_COMMON_BLOCKS = YES;
				GCC_OPTIMIZATION_LEVEL = 0;
				GCC_PREPROCESSOR_DEFINITIONS = (
					"DEBUG=1",
					"$(inherited)",
				);
				GCC_WARN_64_TO_32_BIT_CONVERSION = YES;
				GCC_WARN_ABOUT_RETURN_TYPE = YES_ERROR;
				GCC_WARN_UNDECLARED_SELECTOR = YES;
				GCC_WARN_UNINITIALIZED_AUTOS = YES_AGGRESSIVE;
				GCC_WARN_UNUSED_FUNCTION = YES;
				GCC_WARN_UNUSED_VARIABLE = YES;
				IPHONEOS_DEPLOYMENT_TARGET = 9.2;
				MTL_ENABLE_DEBUG_INFO = YES;
				ONLY_ACTIVE_ARCH = YES;
				SDKROOT = iphoneos;
				SWIFT_OPTIMIZATION_LEVEL = "-Onone";
				TARGETED_DEVICE_FAMILY = "1,2";
			};
			name = Debug;
		};
		8418CDC61C6D38A2006AB236 /* Release */ = {
			isa = XCBuildConfiguration;
			buildSettings = {
				ALWAYS_SEARCH_USER_PATHS = NO;
				CLANG_CXX_LANGUAGE_STANDARD = "gnu++0x";
				CLANG_CXX_LIBRARY = "libc++";
				CLANG_ENABLE_MODULES = YES;
				CLANG_ENABLE_OBJC_ARC = YES;
				CLANG_WARN_BOOL_CONVERSION = YES;
				CLANG_WARN_CONSTANT_CONVERSION = YES;
				CLANG_WARN_DIRECT_OBJC_ISA_USAGE = YES_ERROR;
				CLANG_WARN_EMPTY_BODY = YES;
				CLANG_WARN_ENUM_CONVERSION = YES;
				CLANG_WARN_INT_CONVERSION = YES;
				CLANG_WARN_OBJC_ROOT_CLASS = YES_ERROR;
				CLANG_WARN_UNREACHABLE_CODE = YES;
				CLANG_WARN__DUPLICATE_METHOD_MATCH = YES;
				"CODE_SIGN_IDENTITY[sdk=iphoneos*]" = "iPhone Developer";
				COPY_PHASE_STRIP = NO;
				DEBUG_INFORMATION_FORMAT = "dwarf-with-dsym";
				ENABLE_NS_ASSERTIONS = NO;
				ENABLE_STRICT_OBJC_MSGSEND = YES;
				GCC_C_LANGUAGE_STANDARD = gnu99;
				GCC_NO_COMMON_BLOCKS = YES;
				GCC_WARN_64_TO_32_BIT_CONVERSION = YES;
				GCC_WARN_ABOUT_RETURN_TYPE = YES_ERROR;
				GCC_WARN_UNDECLARED_SELECTOR = YES;
				GCC_WARN_UNINITIALIZED_AUTOS = YES_AGGRESSIVE;
				GCC_WARN_UNUSED_FUNCTION = YES;
				GCC_WARN_UNUSED_VARIABLE = YES;
				IPHONEOS_DEPLOYMENT_TARGET = 9.2;
				MTL_ENABLE_DEBUG_INFO = NO;
				SDKROOT = iphoneos;
				TARGETED_DEVICE_FAMILY = "1,2";
				VALIDATE_PRODUCT = YES;
			};
			name = Release;
		};
		8418CDC81C6D38A2006AB236 /* Debug */ = {
			isa = XCBuildConfiguration;
			buildSettings = {
				ASSETCATALOG_COMPILER_APPICON_NAME = AppIcon;
				INFOPLIST_FILE = DietaDosPontos/Info.plist;
				LD_RUNPATH_SEARCH_PATHS = "$(inherited) @executable_path/Frameworks";
				PRODUCT_BUNDLE_IDENTIFIER = com.rafael.moris.DietaDosPontos;
				PRODUCT_NAME = "$(TARGET_NAME)";
			};
			name = Debug;
		};
		8418CDC91C6D38A2006AB236 /* Release */ = {
			isa = XCBuildConfiguration;
			buildSettings = {
				ASSETCATALOG_COMPILER_APPICON_NAME = AppIcon;
				INFOPLIST_FILE = DietaDosPontos/Info.plist;
				LD_RUNPATH_SEARCH_PATHS = "$(inherited) @executable_path/Frameworks";
				PRODUCT_BUNDLE_IDENTIFIER = com.rafael.moris.DietaDosPontos;
				PRODUCT_NAME = "$(TARGET_NAME)";
			};
			name = Release;
		};
/* End XCBuildConfiguration section */

/* Begin XCConfigurationList section */
		8418CDB01C6D38A2006AB236 /* Build configuration list for PBXProject "DietaDosPontos" */ = {
			isa = XCConfigurationList;
			buildConfigurations = (
				8418CDC51C6D38A2006AB236 /* Debug */,
				8418CDC61C6D38A2006AB236 /* Release */,
			);
			defaultConfigurationIsVisible = 0;
			defaultConfigurationName = Release;
		};
		8418CDC71C6D38A2006AB236 /* Build configuration list for PBXNativeTarget "DietaDosPontos" */ = {
			isa = XCConfigurationList;
			buildConfigurations = (
				8418CDC81C6D38A2006AB236 /* Debug */,
				8418CDC91C6D38A2006AB236 /* Release */,
			);
			defaultConfigurationIsVisible = 0;
			defaultConfigurationName = Release;
		};
/* End XCConfigurationList section */
	};
	rootObject = 8418CDAD1C6D38A2006AB236 /* Project object */;
}
